// !$*UTF8*$!
{
	archiveVersion = 1;
	classes = {
	};
	objectVersion = 46;
	objects = {

/* Begin PBXBuildFile section */
		B0EDBA85C1F7FE756917498B /* Pods_Sample.framework in Frameworks */ = {isa = PBXBuildFile; fileRef = 43AD538DFAFEDFD4DC6639CC /* Pods_Sample.framework */; };
		FF090F1D1E28CDCB005677D4 /* AppDelegate.swift in Sources */ = {isa = PBXBuildFile; fileRef = FF090F1C1E28CDCB005677D4 /* AppDelegate.swift */; };
		FF090F1F1E28CDCB005677D4 /* ViewController.swift in Sources */ = {isa = PBXBuildFile; fileRef = FF090F1E1E28CDCB005677D4 /* ViewController.swift */; };
		FF090F221E28CDCB005677D4 /* Main.storyboard in Resources */ = {isa = PBXBuildFile; fileRef = FF090F201E28CDCB005677D4 /* Main.storyboard */; };
		FF090F241E28CDCB005677D4 /* Assets.xcassets in Resources */ = {isa = PBXBuildFile; fileRef = FF090F231E28CDCB005677D4 /* Assets.xcassets */; };
		FF090F271E28CDCB005677D4 /* LaunchScreen.storyboard in Resources */ = {isa = PBXBuildFile; fileRef = FF090F251E28CDCB005677D4 /* LaunchScreen.storyboard */; };
		FF3079111E29021400D9C812 /* Alamofire.framework in Frameworks */ = {isa = PBXBuildFile; fileRef = FF090F2E1E28F3FC005677D4 /* Alamofire.framework */; };
		FF3079121E29021400D9C812 /* Alamofire.framework in Embed Frameworks */ = {isa = PBXBuildFile; fileRef = FF090F2E1E28F3FC005677D4 /* Alamofire.framework */; settings = {ATTRIBUTES = (CodeSignOnCopy, RemoveHeadersOnCopy, ); }; };
		FF3079191E29158900D9C812 /* LoggedInViewController.swift in Sources */ = {isa = PBXBuildFile; fileRef = FF3079181E29158900D9C812 /* LoggedInViewController.swift */; };
/* End PBXBuildFile section */

/* Begin PBXCopyFilesBuildPhase section */
		FF3079131E29021400D9C812 /* Embed Frameworks */ = {
			isa = PBXCopyFilesBuildPhase;
			buildActionMask = 2147483647;
			dstPath = "";
			dstSubfolderSpec = 10;
			files = (
				FF3079121E29021400D9C812 /* Alamofire.framework in Embed Frameworks */,
			);
			name = "Embed Frameworks";
			runOnlyForDeploymentPostprocessing = 0;
		};
/* End PBXCopyFilesBuildPhase section */

/* Begin PBXFileReference section */
		43AD538DFAFEDFD4DC6639CC /* Pods_Sample.framework */ = {isa = PBXFileReference; explicitFileType = wrapper.framework; includeInIndex = 0; path = Pods_Sample.framework; sourceTree = BUILT_PRODUCTS_DIR; };
		69ABA2881A0AF93F2F5822F9 /* Pods-Sample.release.xcconfig */ = {isa = PBXFileReference; includeInIndex = 1; lastKnownFileType = text.xcconfig; name = "Pods-Sample.release.xcconfig"; path = "Pods/Target Support Files/Pods-Sample/Pods-Sample.release.xcconfig"; sourceTree = "<group>"; };
		C52E10C51E11CDDA25CD154F /* Pods-Sample.debug.xcconfig */ = {isa = PBXFileReference; includeInIndex = 1; lastKnownFileType = text.xcconfig; name = "Pods-Sample.debug.xcconfig"; path = "Pods/Target Support Files/Pods-Sample/Pods-Sample.debug.xcconfig"; sourceTree = "<group>"; };
		FF090F191E28CDCB005677D4 /* Sample.app */ = {isa = PBXFileReference; explicitFileType = wrapper.application; includeInIndex = 0; path = Sample.app; sourceTree = BUILT_PRODUCTS_DIR; };
		FF090F1C1E28CDCB005677D4 /* AppDelegate.swift */ = {isa = PBXFileReference; lastKnownFileType = sourcecode.swift; path = AppDelegate.swift; sourceTree = "<group>"; };
		FF090F1E1E28CDCB005677D4 /* ViewController.swift */ = {isa = PBXFileReference; lastKnownFileType = sourcecode.swift; path = ViewController.swift; sourceTree = "<group>"; };
		FF090F211E28CDCB005677D4 /* Base */ = {isa = PBXFileReference; lastKnownFileType = file.storyboard; name = Base; path = Base.lproj/Main.storyboard; sourceTree = "<group>"; };
		FF090F231E28CDCB005677D4 /* Assets.xcassets */ = {isa = PBXFileReference; lastKnownFileType = folder.assetcatalog; path = Assets.xcassets; sourceTree = "<group>"; };
		FF090F261E28CDCB005677D4 /* Base */ = {isa = PBXFileReference; lastKnownFileType = file.storyboard; name = Base; path = Base.lproj/LaunchScreen.storyboard; sourceTree = "<group>"; };
		FF090F281E28CDCB005677D4 /* Info.plist */ = {isa = PBXFileReference; lastKnownFileType = text.plist.xml; path = Info.plist; sourceTree = "<group>"; };
		FF090F2E1E28F3FC005677D4 /* Alamofire.framework */ = {isa = PBXFileReference; lastKnownFileType = wrapper.framework; name = Alamofire.framework; path = "../../../../../Users/mac8/Library/Developer/Xcode/DerivedData/Sample-eeqmxfvqwwyqbmguajoubsnkfduj/Build/Products/Debug-iphonesimulator/Alamofire/Alamofire.framework"; sourceTree = "<group>"; };
		FF3079181E29158900D9C812 /* LoggedInViewController.swift */ = {isa = PBXFileReference; fileEncoding = 4; lastKnownFileType = sourcecode.swift; path = LoggedInViewController.swift; sourceTree = "<group>"; };
/* End PBXFileReference section */

/* Begin PBXFrameworksBuildPhase section */
		FF090F161E28CDCB005677D4 /* Frameworks */ = {
			isa = PBXFrameworksBuildPhase;
			buildActionMask = 2147483647;
			files = (
				FF3079111E29021400D9C812 /* Alamofire.framework in Frameworks */,
				B0EDBA85C1F7FE756917498B /* Pods_Sample.framework in Frameworks */,
			);
			runOnlyForDeploymentPostprocessing = 0;
		};
/* End PBXFrameworksBuildPhase section */

/* Begin PBXGroup section */
		4471E8B146A6149F03C32EC0 /* Pods */ = {
			isa = PBXGroup;
			children = (
				C52E10C51E11CDDA25CD154F /* Pods-Sample.debug.xcconfig */,
				69ABA2881A0AF93F2F5822F9 /* Pods-Sample.release.xcconfig */,
			);
			name = Pods;
			sourceTree = "<group>";
		};
		68C9C1A7BC6A6194D5E1118E /* Frameworks */ = {
			isa = PBXGroup;
			children = (
				FF090F2E1E28F3FC005677D4 /* Alamofire.framework */,
				43AD538DFAFEDFD4DC6639CC /* Pods_Sample.framework */,
			);
			name = Frameworks;
			sourceTree = "<group>";
		};
		FF090F101E28CDCB005677D4 = {
			isa = PBXGroup;
			children = (
				FF090F1B1E28CDCB005677D4 /* Sample */,
				FF090F1A1E28CDCB005677D4 /* Products */,
				4471E8B146A6149F03C32EC0 /* Pods */,
				68C9C1A7BC6A6194D5E1118E /* Frameworks */,
			);
			sourceTree = "<group>";
		};
		FF090F1A1E28CDCB005677D4 /* Products */ = {
			isa = PBXGroup;
			children = (
				FF090F191E28CDCB005677D4 /* Sample.app */,
			);
			name = Products;
			sourceTree = "<group>";
		};
		FF090F1B1E28CDCB005677D4 /* Sample */ = {
			isa = PBXGroup;
			children = (
				FF3079181E29158900D9C812 /* LoggedInViewController.swift */,
				FF090F1C1E28CDCB005677D4 /* AppDelegate.swift */,
				FF090F1E1E28CDCB005677D4 /* ViewController.swift */,
				FF090F201E28CDCB005677D4 /* Main.storyboard */,
				FF090F231E28CDCB005677D4 /* Assets.xcassets */,
				FF090F251E28CDCB005677D4 /* LaunchScreen.storyboard */,
				FF090F281E28CDCB005677D4 /* Info.plist */,
			);
			path = Sample;
			sourceTree = "<group>";
		};
/* End PBXGroup section */

/* Begin PBXNativeTarget section */
		FF090F181E28CDCB005677D4 /* Sample */ = {
			isa = PBXNativeTarget;
			buildConfigurationList = FF090F2B1E28CDCB005677D4 /* Build configuration list for PBXNativeTarget "Sample" */;
			buildPhases = (
				6C617357507A502F832927CA /* [CP] Check Pods Manifest.lock */,
				FF090F151E28CDCB005677D4 /* Sources */,
				FF090F161E28CDCB005677D4 /* Frameworks */,
				FF090F171E28CDCB005677D4 /* Resources */,
				3293785EBACCD36321BDC6AA /* [CP] Embed Pods Frameworks */,
				FA26FF99CAE603DB370D6622 /* [CP] Copy Pods Resources */,
				FF3079131E29021400D9C812 /* Embed Frameworks */,
			);
			buildRules = (
			);
			dependencies = (
			);
			name = Sample;
			productName = Sample;
			productReference = FF090F191E28CDCB005677D4 /* Sample.app */;
			productType = "com.apple.product-type.application";
		};
/* End PBXNativeTarget section */

/* Begin PBXProject section */
		FF090F111E28CDCB005677D4 /* Project object */ = {
			isa = PBXProject;
			attributes = {
				LastSwiftUpdateCheck = 0800;
				LastUpgradeCheck = 0800;
				ORGANIZATIONNAME = "Noor Mustafa";
				TargetAttributes = {
					FF090F181E28CDCB005677D4 = {
						CreatedOnToolsVersion = 8.0;
						ProvisioningStyle = Automatic;
					};
				};
			};
			buildConfigurationList = FF090F141E28CDCB005677D4 /* Build configuration list for PBXProject "Sample" */;
			compatibilityVersion = "Xcode 3.2";
			developmentRegion = English;
			hasScannedForEncodings = 0;
			knownRegions = (
				en,
				Base,
			);
			mainGroup = FF090F101E28CDCB005677D4;
			productRefGroup = FF090F1A1E28CDCB005677D4 /* Products */;
			projectDirPath = "";
			projectRoot = "";
			targets = (
				FF090F181E28CDCB005677D4 /* Sample */,
			);
		};
/* End PBXProject section */

/* Begin PBXResourcesBuildPhase section */
		FF090F171E28CDCB005677D4 /* Resources */ = {
			isa = PBXResourcesBuildPhase;
			buildActionMask = 2147483647;
			files = (
				FF090F271E28CDCB005677D4 /* LaunchScreen.storyboard in Resources */,
				FF090F241E28CDCB005677D4 /* Assets.xcassets in Resources */,
				FF090F221E28CDCB005677D4 /* Main.storyboard in Resources */,
			);
			runOnlyForDeploymentPostprocessing = 0;
		};
/* End PBXResourcesBuildPhase section */

/* Begin PBXShellScriptBuildPhase section */
		3293785EBACCD36321BDC6AA /* [CP] Embed Pods Frameworks */ = {
			isa = PBXShellScriptBuildPhase;
			buildActionMask = 2147483647;
			files = (
			);
			inputPaths = (
			);
			name = "[CP] Embed Pods Frameworks";
			outputPaths = (
			);
			runOnlyForDeploymentPostprocessing = 0;
			shellPath = /bin/sh;
			shellScript = "\"${SRCROOT}/Pods/Target Support Files/Pods-Sample/Pods-Sample-frameworks.sh\"\n";
			showEnvVarsInLog = 0;
		};
		6C617357507A502F832927CA /* [CP] Check Pods Manifest.lock */ = {
			isa = PBXShellScriptBuildPhase;
			buildActionMask = 2147483647;
			files = (
			);
			inputPaths = (
			);
			name = "[CP] Check Pods Manifest.lock";
			outputPaths = (
			);
			runOnlyForDeploymentPostprocessing = 0;
			shellPath = /bin/sh;
			shellScript = "diff \"${PODS_ROOT}/../Podfile.lock\" \"${PODS_ROOT}/Manifest.lock\" > /dev/null\nif [ $? != 0 ] ; then\n    # print error to STDERR\n    echo \"error: The sandbox is not in sync with the Podfile.lock. Run 'pod install' or update your CocoaPods installation.\" >&2\n    exit 1\nfi\n";
			showEnvVarsInLog = 0;
		};
		FA26FF99CAE603DB370D6622 /* [CP] Copy Pods Resources */ = {
			isa = PBXShellScriptBuildPhase;
			buildActionMask = 2147483647;
			files = (
			);
			inputPaths = (
			);
			name = "[CP] Copy Pods Resources";
			outputPaths = (
			);
			runOnlyForDeploymentPostprocessing = 0;
			shellPath = /bin/sh;
			shellScript = "\"${SRCROOT}/Pods/Target Support Files/Pods-Sample/Pods-Sample-resources.sh\"\n";
			showEnvVarsInLog = 0;
		};
/* End PBXShellScriptBuildPhase section */

/* Begin PBXSourcesBuildPhase section */
		FF090F151E28CDCB005677D4 /* Sources */ = {
			isa = PBXSourcesBuildPhase;
			buildActionMask = 2147483647;
			files = (
				FF3079191E29158900D9C812 /* LoggedInViewController.swift in Sources */,
				FF090F1F1E28CDCB005677D4 /* ViewController.swift in Sources */,
				FF090F1D1E28CDCB005677D4 /* AppDelegate.swift in Sources */,
			);
			runOnlyForDeploymentPostprocessing = 0;
		};
/* End PBXSourcesBuildPhase section */

/* Begin PBXVariantGroup section */
		FF090F201E28CDCB005677D4 /* Main.storyboard */ = {
			isa = PBXVariantGroup;
			children = (
				FF090F211E28CDCB005677D4 /* Base */,
			);
			name = Main.storyboard;
			sourceTree = "<group>";
		};
		FF090F251E28CDCB005677D4 /* LaunchScreen.storyboard */ = {
			isa = PBXVariantGroup;
			children = (
				FF090F261E28CDCB005677D4 /* Base */,
			);
			name = LaunchScreen.storyboard;
			sourceTree = "<group>";
		};
/* End PBXVariantGroup section */

/* Begin XCBuildConfiguration section */
		FF090F291E28CDCB005677D4 /* Debug */ = {
			isa = XCBuildConfiguration;
			buildSettings = {
				ALWAYS_SEARCH_USER_PATHS = NO;
				CLANG_ANALYZER_NONNULL = YES;
				CLANG_CXX_LANGUAGE_STANDARD = "gnu++0x";
				CLANG_CXX_LIBRARY = "libc++";
				CLANG_ENABLE_MODULES = YES;
				CLANG_ENABLE_OBJC_ARC = YES;
				CLANG_WARN_BOOL_CONVERSION = YES;
				CLANG_WARN_CONSTANT_CONVERSION = YES;
				CLANG_WARN_DIRECT_OBJC_ISA_USAGE = YES_ERROR;
				CLANG_WARN_DOCUMENTATION_COMMENTS = YES;
				CLANG_WARN_EMPTY_BODY = YES;
				CLANG_WARN_ENUM_CONVERSION = YES;
				CLANG_WARN_INFINITE_RECURSION = YES;
				CLANG_WARN_INT_CONVERSION = YES;
				CLANG_WARN_OBJC_ROOT_CLASS = YES_ERROR;
				CLANG_WARN_SUSPICIOUS_MOVES = YES;
				CLANG_WARN_UNREACHABLE_CODE = YES;
				CLANG_WARN__DUPLICATE_METHOD_MATCH = YES;
				"CODE_SIGN_IDENTITY[sdk=iphoneos*]" = "iPhone Developer";
				COPY_PHASE_STRIP = NO;
				DEBUG_INFORMATION_FORMAT = dwarf;
				ENABLE_STRICT_OBJC_MSGSEND = YES;
				ENABLE_TESTABILITY = YES;
				GCC_C_LANGUAGE_STANDARD = gnu99;
				GCC_DYNAMIC_NO_PIC = NO;
				GCC_NO_COMMON_BLOCKS = YES;
				GCC_OPTIMIZATION_LEVEL = 0;
				GCC_PREPROCESSOR_DEFINITIONS = (
					"DEBUG=1",
					"$(inherited)",
				);
				GCC_WARN_64_TO_32_BIT_CONVERSION = YES;
				GCC_WARN_ABOUT_RETURN_TYPE = YES_ERROR;
				GCC_WARN_UNDECLARED_SELECTOR = YES;
				GCC_WARN_UNINITIALIZED_AUTOS = YES_AGGRESSIVE;
				GCC_WARN_UNUSED_FUNCTION = YES;
				GCC_WARN_UNUSED_VARIABLE = YES;
				IPHONEOS_DEPLOYMENT_TARGET = 10.0;
				MTL_ENABLE_DEBUG_INFO = YES;
				ONLY_ACTIVE_ARCH = YES;
				SDKROOT = iphoneos;
				SWIFT_ACTIVE_COMPILATION_CONDITIONS = DEBUG;
				SWIFT_OPTIMIZATION_LEVEL = "-Onone";
				TARGETED_DEVICE_FAMILY = "1,2";
			};
			name = Debug;
		};
		FF090F2A1E28CDCB005677D4 /* Release */ = {
			isa = XCBuildConfiguration;
			buildSettings = {
				ALWAYS_SEARCH_USER_PATHS = NO;
				CLANG_ANALYZER_NONNULL = YES;
				CLANG_CXX_LANGUAGE_STANDARD = "gnu++0x";
				CLANG_CXX_LIBRARY = "libc++";
				CLANG_ENABLE_MODULES = YES;
				CLANG_ENABLE_OBJC_ARC = YES;
				CLANG_WARN_BOOL_CONVERSION = YES;
				CLANG_WARN_CONSTANT_CONVERSION = YES;
				CLANG_WARN_DIRECT_OBJC_ISA_USAGE = YES_ERROR;
				CLANG_WARN_DOCUMENTATION_COMMENTS = YES;
				CLANG_WARN_EMPTY_BODY = YES;
				CLANG_WARN_ENUM_CONVERSION = YES;
				CLANG_WARN_INFINITE_RECURSION = YES;
				CLANG_WARN_INT_CONVERSION = YES;
				CLANG_WARN_OBJC_ROOT_CLASS = YES_ERROR;
				CLANG_WARN_SUSPICIOUS_MOVES = YES;
				CLANG_WARN_UNREACHABLE_CODE = YES;
				CLANG_WARN__DUPLICATE_METHOD_MATCH = YES;
				"CODE_SIGN_IDENTITY[sdk=iphoneos*]" = "iPhone Developer";
				COPY_PHASE_STRIP = NO;
				DEBUG_INFORMATION_FORMAT = "dwarf-with-dsym";
				ENABLE_NS_ASSERTIONS = NO;
				ENABLE_STRICT_OBJC_MSGSEND = YES;
				GCC_C_LANGUAGE_STANDARD = gnu99;
				GCC_NO_COMMON_BLOCKS = YES;
				GCC_WARN_64_TO_32_BIT_CONVERSION = YES;
				GCC_WARN_ABOUT_RETURN_TYPE = YES_ERROR;
				GCC_WARN_UNDECLARED_SELECTOR = YES;
				GCC_WARN_UNINITIALIZED_AUTOS = YES_AGGRESSIVE;
				GCC_WARN_UNUSED_FUNCTION = YES;
				GCC_WARN_UNUSED_VARIABLE = YES;
				IPHONEOS_DEPLOYMENT_TARGET = 10.0;
				MTL_ENABLE_DEBUG_INFO = NO;
				SDKROOT = iphoneos;
				SWIFT_OPTIMIZATION_LEVEL = "-Owholemodule";
				TARGETED_DEVICE_FAMILY = "1,2";
				VALIDATE_PRODUCT = YES;
			};
			name = Release;
		};
		FF090F2C1E28CDCB005677D4 /* Debug */ = {
			isa = XCBuildConfiguration;
			baseConfigurationReference = C52E10C51E11CDDA25CD154F /* Pods-Sample.debug.xcconfig */;
			buildSettings = {
				ASSETCATALOG_COMPILER_APPICON_NAME = AppIcon;
				INFOPLIST_FILE = Sample/Info.plist;
				LD_RUNPATH_SEARCH_PATHS = "$(inherited) @executable_path/Frameworks";
				PRODUCT_BUNDLE_IDENTIFIER = rad.mnm.Sample;
				PRODUCT_NAME = "$(TARGET_NAME)";
				SWIFT_VERSION = 3.0;
			};
			name = Debug;
		};
		FF090F2D1E28CDCB005677D4 /* Release */ = {
			isa = XCBuildConfiguration;
			baseConfigurationReference = 69ABA2881A0AF93F2F5822F9 /* Pods-Sample.release.xcconfig */;
			buildSettings = {
				ASSETCATALOG_COMPILER_APPICON_NAME = AppIcon;
				INFOPLIST_FILE = Sample/Info.plist;
				LD_RUNPATH_SEARCH_PATHS = "$(inherited) @executable_path/Frameworks";
				PRODUCT_BUNDLE_IDENTIFIER = rad.mnm.Sample;
				PRODUCT_NAME = "$(TARGET_NAME)";
				SWIFT_VERSION = 3.0;
			};
			name = Release;
		};
/* End XCBuildConfiguration section */

/* Begin XCConfigurationList section */
		FF090F141E28CDCB005677D4 /* Build configuration list for PBXProject "Sample" */ = {
			isa = XCConfigurationList;
			buildConfigurations = (
				FF090F291E28CDCB005677D4 /* Debug */,
				FF090F2A1E28CDCB005677D4 /* Release */,
			);
			defaultConfigurationIsVisible = 0;
			defaultConfigurationName = Release;
		};
		FF090F2B1E28CDCB005677D4 /* Build configuration list for PBXNativeTarget "Sample" */ = {
			isa = XCConfigurationList;
			buildConfigurations = (
				FF090F2C1E28CDCB005677D4 /* Debug */,
				FF090F2D1E28CDCB005677D4 /* Release */,
			);
			defaultConfigurationIsVisible = 0;
			defaultConfigurationName = Release;
		};
/* End XCConfigurationList section */
	};
	rootObject = FF090F111E28CDCB005677D4 /* Project object */;
}
